// !$*UTF8*$!
{
	archiveVersion = 1;
	classes = {
	};
	objectVersion = 39;
	objects = {
		080E96DDFE201D6D7F000001 = {
			children = (
				F5A47A9D01A0482F01D3D55B,
				F5A47A9E01A0483001D3D55B,
			);
			isa = PBXGroup;
			name = Classes;
			refType = 4;
			sourceTree = "<group>";
		};
		089C165CFE840E0CC02AAC07 = {
			children = (
				089C165DFE840E0CC02AAC07,
			);
			isa = PBXVariantGroup;
			name = InfoPlist.strings;
			refType = 4;
			sourceTree = "<group>";
		};
		089C165DFE840E0CC02AAC07 = {
			fileEncoding = 10;
			isa = PBXFileReference;
			lastKnownFileType = text.plist.strings;
			name = English;
			path = English.lproj/InfoPlist.strings;
			refType = 4;
			sourceTree = "<group>";
		};
		089C165EFE840E0CC02AAC07 = {
			fileRef = 089C165CFE840E0CC02AAC07;
			isa = PBXBuildFile;
			settings = {
			};
		};
//080
//081
//082
//083
//084
//100
//101
//102
//103
//104
		1058C7A0FEA54F0111CA2CBB = {
			children = (
				1058C7A1FEA54F0111CA2CBB,
			);
			isa = PBXGroup;
			name = "Linked Frameworks";
			refType = 4;
			sourceTree = "<group>";
		};
		1058C7A1FEA54F0111CA2CBB = {
			isa = PBXFileReference;
			lastKnownFileType = wrapper.framework;
			name = Cocoa.framework;
			path = /System/Library/Frameworks/Cocoa.framework;
			refType = 0;
			sourceTree = "<absolute>";
		};
		1058C7A2FEA54F0111CA2CBB = {
			children = (
				29B97325FDCFA39411CA2CEA,
				29B97324FDCFA39411CA2CEA,
			);
			isa = PBXGroup;
			name = "Other Frameworks";
			refType = 4;
			sourceTree = "<group>";
		};
		1058C7A3FEA54F0111CA2CBB = {
			fileRef = 1058C7A1FEA54F0111CA2CBB;
			isa = PBXBuildFile;
			settings = {
			};
		};
//100
//101
//102
//103
//104
//170
//171
//172
//173
//174
		17587328FF379C6511CA2CBB = {
			explicitFileType = wrapper.application;
			isa = PBXFileReference;
			path = "CDogs-SDL.app";
			refType = 3;
			sourceTree = BUILT_PRODUCTS_DIR;
		};
//170
//171
//172
//173
//174
//190
//191
//192
//193
//194
		19C28FACFE9D520D11CA2CBB = {
			children = (
				17587328FF379C6511CA2CBB,
			);
			isa = PBXGroup;
			name = Products;
			refType = 4;
			sourceTree = "<group>";
		};
//190
//191
//192
//193
//194
//290
//291
//292
//293
//294
		29B97313FDCFA39411CA2CEA = {
			buildSettings = {
			};
			buildStyles = (
				4A9504CCFFE6A4B311CA0CBA,
				4A9504CDFFE6A4B311CA0CBA,
			);
			hasScannedForEncodings = 0;
			isa = PBXProject;
			mainGroup = 29B97314FDCFA39411CA2CEA;
			projectDirPath = "";
			targets = (
				29B97326FDCFA39411CA2CEA,
			);
		};
		29B97314FDCFA39411CA2CEA = {
			children = (
				080E96DDFE201D6D7F000001,
				29B97315FDCFA39411CA2CEA,
				29B97317FDCFA39411CA2CEA,
				29B97323FDCFA39411CA2CEA,
				19C28FACFE9D520D11CA2CBB,
			);
			isa = PBXGroup;
			name = "«PROJECTNAMEASXML»";
			path = "";
			refType = 4;
			sourceTree = "<group>";
		};
		29B97315FDCFA39411CA2CEA = {
			children = (
				8501E1C30A887C1F0064A3FC,
				8501E1090A8878150064A3FC,
				8501E10A0A8878150064A3FC,
				8501E10B0A8878150064A3FC,
				8501E10C0A8878150064A3FC,
				8501E10D0A8878150064A3FC,
				8501E10E0A8878150064A3FC,
				8501E10F0A8878150064A3FC,
				8501E1100A8878150064A3FC,
				8501E1110A8878150064A3FC,
				8501E1120A8878150064A3FC,
				8501E1130A8878150064A3FC,
				8501E1140A8878150064A3FC,
				8501E1150A8878150064A3FC,
				8501E1160A8878150064A3FC,
				8501E1170A8878150064A3FC,
				8501E1180A8878150064A3FC,
				8501E1190A8878150064A3FC,
				8501E11A0A8878150064A3FC,
				8501E11B0A8878150064A3FC,
				8501E11C0A8878150064A3FC,
				8501E11D0A8878150064A3FC,
				8501E11E0A8878150064A3FC,
				8501E11F0A8878150064A3FC,
				8501E1200A8878150064A3FC,
				8501E1210A8878150064A3FC,
				8501E1220A8878150064A3FC,
				8501E1230A8878150064A3FC,
				8501E1240A8878150064A3FC,
			);
			isa = PBXGroup;
			name = "Other Sources";
			path = "";
			refType = 4;
			sourceTree = "<group>";
		};
		29B97317FDCFA39411CA2CEA = {
			children = (
				85D3BC3D0A889AD100A1F24E,
				8501E1A80A8879970064A3FC,
				8501E1A90A8879970064A3FC,
				8501E16E0A8879870064A3FC,
				8501E16F0A8879870064A3FC,
				8501E1700A8879870064A3FC,
				8501E1710A8879870064A3FC,
				8501E1720A8879870064A3FC,
				8501E1730A8879870064A3FC,
				8501E1740A8879870064A3FC,
				8501E1750A8879870064A3FC,
				8501E1760A8879870064A3FC,
				8501E1770A8879870064A3FC,
				8501E1780A8879870064A3FC,
				8501E1790A8879870064A3FC,
				8501E17A0A8879870064A3FC,
				8501E17B0A8879870064A3FC,
				8501E17C0A8879870064A3FC,
				8501E17D0A8879870064A3FC,
				8501E17E0A8879870064A3FC,
				8501E17F0A8879870064A3FC,
				8501E1800A8879870064A3FC,
				8501E1810A8879870064A3FC,
				8501E1820A8879870064A3FC,
				8501E1830A8879870064A3FC,
				8501E1840A8879870064A3FC,
				8501E1850A8879870064A3FC,
				8501E1860A8879870064A3FC,
				8501E1870A8879870064A3FC,
				8501E1880A8879870064A3FC,
				8501E1890A8879870064A3FC,
				8501E18A0A8879870064A3FC,
				089C165CFE840E0CC02AAC07,
			);
			isa = PBXGroup;
			name = Resources;
			path = "";
			refType = 4;
			sourceTree = "<group>";
		};
		29B97323FDCFA39411CA2CEA = {
			children = (
				1058C7A0FEA54F0111CA2CBB,
				1058C7A2FEA54F0111CA2CBB,
			);
			isa = PBXGroup;
			name = Frameworks;
			path = "";
			refType = 4;
			sourceTree = "<group>";
		};
		29B97324FDCFA39411CA2CEA = {
			isa = PBXFileReference;
			lastKnownFileType = wrapper.framework;
			name = AppKit.framework;
			path = /System/Library/Frameworks/AppKit.framework;
			refType = 0;
			sourceTree = "<absolute>";
		};
		29B97325FDCFA39411CA2CEA = {
			isa = PBXFileReference;
			lastKnownFileType = wrapper.framework;
			name = Foundation.framework;
			path = /System/Library/Frameworks/Foundation.framework;
			refType = 0;
			sourceTree = "<absolute>";
		};
		29B97326FDCFA39411CA2CEA = {
			buildPhases = (
				29B97327FDCFA39411CA2CEA,
				29B97328FDCFA39411CA2CEA,
				29B9732BFDCFA39411CA2CEA,
				29B9732DFDCFA39411CA2CEA,
			);
			buildSettings = {
				FRAMEWORK_SEARCH_PATHS = "\"/Library/Frameworks\"";
				HEADER_SEARCH_PATHS = "\"/Library/Frameworks/SDL.framework/Headers\"";
				LIBRARY_SEARCH_PATHS = "";
				OPTIMIZATION_CFLAGS = "-O2";
				OTHER_LDFLAGS = "-framework SDL";
				PRODUCT_NAME = "CDogs-SDL";
				SECTORDER_FLAGS = "";
				WARNING_CFLAGS = "-Wmost -Wno-four-char-constants -Wno-unknown-pragmas";
				WRAPPER_EXTENSION = app;
			};
			comments = "C-Dogs SDL MacOSX Version";
			dependencies = (
			);
			isa = PBXApplicationTarget;
			name = "CDogs-SDL";
			productName = "«PROJECTNAME»";
			productReference = 17587328FF379C6511CA2CBB;
			productSettingsXML = "<?xml version=\"1.0\" encoding=\"UTF-8\"?>
<!DOCTYPE plist PUBLIC \"-//Apple Computer//DTD PLIST 1.0//EN\" \"http://www.apple.com/DTDs/PropertyList-1.0.dtd\">
<plist version=\"1.0\">
<dict>
	<key>CFBundleDevelopmentRegion</key>
	<string>English</string>
	<key>CFBundleExecutable</key>
	<string>CDogs-SDL</string>
	<key>CFBundleGetInfoString</key>
	<string>Version 0.2, Alpha</string>
	<key>CFBundleIconFile</key>
	<string>cdogs-icon</string>
	<key>CFBundleInfoDictionaryVersion</key>
	<string>6.0</string>
	<key>CFBundleName</key>
	<string>C-Dogs SDL Port for MacOSX</string>
	<key>CFBundlePackageType</key>
	<string>APPL</string>
	<key>CFBundleShortVersionString</key>
	<string>v0.2 (osx alpha)</string>
	<key>CFBundleSignature</key>
	<string>????</string>
	<key>CFBundleVersion</key>
	<string>0.1</string>
	<key>NSMainNibFile</key>
	<string>MainMenu</string>
	<key>NSPrincipalClass</key>
	<string>NSApplication</string>
</dict>
</plist>
";
		};
		29B97327FDCFA39411CA2CEA = {
			buildActionMask = 2147483647;
			files = (
				F5A47AA101A0483001D3D55B,
				8501E18B0A8879870064A3FC,
				8501E18C0A8879870064A3FC,
				8501E18D0A8879870064A3FC,
				8501E18E0A8879870064A3FC,
				8501E18F0A8879870064A3FC,
				8501E1900A8879870064A3FC,
				8501E1910A8879870064A3FC,
				8501E1920A8879870064A3FC,
				8501E1930A8879870064A3FC,
				8501E1940A8879870064A3FC,
				8501E1950A8879870064A3FC,
				8501E1960A8879870064A3FC,
				8501E1970A8879870064A3FC,
				8501E1980A8879870064A3FC,
				8501E1990A8879870064A3FC,
				8501E19A0A8879870064A3FC,
				8501E19B0A8879870064A3FC,
				8501E19C0A8879870064A3FC,
				8501E19D0A8879870064A3FC,
				8501E19E0A8879870064A3FC,
				8501E19F0A8879870064A3FC,
				8501E1A00A8879870064A3FC,
				8501E1A10A8879870064A3FC,
				8501E1A20A8879870064A3FC,
				8501E1A30A8879870064A3FC,
				8501E1A40A8879870064A3FC,
				8501E1A50A8879870064A3FC,
				8501E1A60A8879870064A3FC,
				8501E1A70A8879870064A3FC,
			);
			isa = PBXHeadersBuildPhase;
			runOnlyForDeploymentPostprocessing = 0;
		};
		29B97328FDCFA39411CA2CEA = {
			buildActionMask = 2147483647;
			files = (
				089C165EFE840E0CC02AAC07,
				85D3BC3E0A889AD100A1F24E,
			);
			isa = PBXResourcesBuildPhase;
			runOnlyForDeploymentPostprocessing = 0;
		};
		29B9732BFDCFA39411CA2CEA = {
			buildActionMask = 2147483647;
			files = (
				F5A47AA301A0483001D3D55B,
				8501E1250A8878160064A3FC,
				8501E1260A8878160064A3FC,
				8501E1270A8878160064A3FC,
				8501E1280A8878160064A3FC,
				8501E1290A8878160064A3FC,
				8501E12A0A8878160064A3FC,
				8501E12B0A8878160064A3FC,
				8501E12C0A8878160064A3FC,
				8501E12D0A8878160064A3FC,
				8501E12E0A8878160064A3FC,
				8501E12F0A8878160064A3FC,
				8501E1300A8878160064A3FC,
				8501E1310A8878160064A3FC,
				8501E1320A8878160064A3FC,
				8501E1330A8878160064A3FC,
				8501E1340A8878160064A3FC,
				8501E1350A8878160064A3FC,
				8501E1360A8878160064A3FC,
				8501E1370A8878160064A3FC,
				8501E1380A8878160064A3FC,
				8501E1390A8878160064A3FC,
				8501E13A0A8878160064A3FC,
				8501E13B0A8878160064A3FC,
				8501E13C0A8878160064A3FC,
				8501E13D0A8878160064A3FC,
				8501E13E0A8878160064A3FC,
				8501E13F0A8878160064A3FC,
				8501E1400A8878160064A3FC,
				8501E1C40A887C1F0064A3FC,
			);
			isa = PBXSourcesBuildPhase;
			runOnlyForDeploymentPostprocessing = 0;
		};
		29B9732DFDCFA39411CA2CEA = {
			buildActionMask = 2147483647;
			files = (
				1058C7A3FEA54F0111CA2CBB,
			);
			isa = PBXFrameworksBuildPhase;
			runOnlyForDeploymentPostprocessing = 0;
		};
//290
//291
//292
//293
//294
//4A0
//4A1
//4A2
//4A3
//4A4
		4A9504CCFFE6A4B311CA0CBA = {
			buildSettings = {
				COPY_PHASE_STRIP = NO;
				GCC_DYNAMIC_NO_PIC = NO;
				GCC_ENABLE_FIX_AND_CONTINUE = YES;
				GCC_GENERATE_DEBUGGING_SYMBOLS = YES;
				GCC_OPTIMIZATION_LEVEL = 2;
				GCC_PREPROCESSOR_DEFINITIONS = "SYS_MACOSX SND_NOMIX";
				HEADER_SEARCH_PATHS = "/Library/Frameworks/SDL.framework/Headers .";
				LIBRARY_STYLE = DYNAMIC;
				OPTIMIZATION_CFLAGS = "-O2";
				REZ_PREPROCESSOR_DEFINITIONS = "SND_NOMIX SYS_MACOSX";
				ZERO_LINK = YES;
			};
			isa = PBXBuildStyle;
			name = Development;
		};
		4A9504CDFFE6A4B311CA0CBA = {
			buildSettings = {
				COPY_PHASE_STRIP = YES;
				GCC_ENABLE_FIX_AND_CONTINUE = NO;
				ZERO_LINK = NO;
			};
			isa = PBXBuildStyle;
			name = Deployment;
		};
//4A0
//4A1
//4A2
//4A3
//4A4
//850
//851
//852
//853
//854
		8501E1090A8878150064A3FC = {
			fileEncoding = 4;
			isa = PBXFileReference;
			lastKnownFileType = sourcecode.c.c;
			name = actors.c;
			path = ../src/actors.c;
			refType = 2;
			sourceTree = SOURCE_ROOT;
		};
		8501E10A0A8878150064A3FC = {
			fileEncoding = 4;
			isa = PBXFileReference;
			lastKnownFileType = sourcecode.c.c;
			name = ai.c;
			path = ../src/ai.c;
			refType = 2;
			sourceTree = SOURCE_ROOT;
		};
		8501E10B0A8878150064A3FC = {
			fileEncoding = 4;
			isa = PBXFileReference;
			lastKnownFileType = sourcecode.c.c;
			name = automap.c;
			path = ../src/automap.c;
			refType = 2;
			sourceTree = SOURCE_ROOT;
		};
		8501E10C0A8878150064A3FC = {
			fileEncoding = 4;
			isa = PBXFileReference;
			lastKnownFileType = sourcecode.c.c;
			name = blit.c;
			path = ../src/blit.c;
			refType = 2;
			sourceTree = SOURCE_ROOT;
		};
		8501E10D0A8878150064A3FC = {
			fileEncoding = 4;
			isa = PBXFileReference;
			lastKnownFileType = sourcecode.c.c;
			name = cdogs.c;
			path = ../src/cdogs.c;
			refType = 2;
			sourceTree = SOURCE_ROOT;
		};
		8501E10E0A8878150064A3FC = {
			fileEncoding = 4;
			isa = PBXFileReference;
			lastKnownFileType = sourcecode.c.c;
			name = charsed.c;
			path = ../src/charsed.c;
			refType = 2;
			sourceTree = SOURCE_ROOT;
		};
		8501E10F0A8878150064A3FC = {
			fileEncoding = 4;
			isa = PBXFileReference;
			lastKnownFileType = sourcecode.c.c;
			name = defs.c;
			path = ../src/defs.c;
			refType = 2;
			sourceTree = SOURCE_ROOT;
		};
		8501E1100A8878150064A3FC = {
			fileEncoding = 4;
			isa = PBXFileReference;
			lastKnownFileType = sourcecode.c.c;
			name = draw.c;
			path = ../src/draw.c;
			refType = 2;
			sourceTree = SOURCE_ROOT;
		};
		8501E1110A8878150064A3FC = {
			fileEncoding = 4;
			isa = PBXFileReference;
			lastKnownFileType = sourcecode.c.c;
			name = events.c;
			path = ../src/events.c;
			refType = 2;
			sourceTree = SOURCE_ROOT;
		};
		8501E1120A8878150064A3FC = {
			fileEncoding = 4;
			isa = PBXFileReference;
			lastKnownFileType = sourcecode.c.c;
			name = files.c;
			path = ../src/files.c;
			refType = 2;
			sourceTree = SOURCE_ROOT;
		};
		8501E1130A8878150064A3FC = {
			fileEncoding = 4;
			isa = PBXFileReference;
			lastKnownFileType = sourcecode.c.c;
			name = game.c;
			path = ../src/game.c;
			refType = 2;
			sourceTree = SOURCE_ROOT;
		};
		8501E1140A8878150064A3FC = {
			fileEncoding = 4;
			isa = PBXFileReference;
			lastKnownFileType = sourcecode.c.c;
			name = gamedata.c;
			path = ../src/gamedata.c;
			refType = 2;
			sourceTree = SOURCE_ROOT;
		};
		8501E1150A8878150064A3FC = {
			fileEncoding = 4;
			isa = PBXFileReference;
			lastKnownFileType = sourcecode.c.c;
			name = grafx.c;
			path = ../src/grafx.c;
			refType = 2;
			sourceTree = SOURCE_ROOT;
		};
		8501E1160A8878150064A3FC = {
			fileEncoding = 4;
			isa = PBXFileReference;
			lastKnownFileType = sourcecode.c.c;
			name = hiscores.c;
			path = ../src/hiscores.c;
			refType = 2;
			sourceTree = SOURCE_ROOT;
		};
		8501E1170A8878150064A3FC = {
			fileEncoding = 4;
			isa = PBXFileReference;
			lastKnownFileType = sourcecode.c.c;
			name = input.c;
			path = ../src/input.c;
			refType = 2;
			sourceTree = SOURCE_ROOT;
		};
		8501E1180A8878150064A3FC = {
			fileEncoding = 4;
			isa = PBXFileReference;
			lastKnownFileType = sourcecode.c.c;
			name = joystick.c;
			path = ../src/joystick.c;
			refType = 2;
			sourceTree = SOURCE_ROOT;
		};
		8501E1190A8878150064A3FC = {
			fileEncoding = 4;
			isa = PBXFileReference;
			lastKnownFileType = sourcecode.c.c;
			name = keyboard.c;
			path = ../src/keyboard.c;
			refType = 2;
			sourceTree = SOURCE_ROOT;
		};
		8501E11A0A8878150064A3FC = {
			fileEncoding = 4;
			isa = PBXFileReference;
			lastKnownFileType = sourcecode.c.c;
			name = mainmenu.c;
			path = ../src/mainmenu.c;
			refType = 2;
			sourceTree = SOURCE_ROOT;
		};
		8501E11B0A8878150064A3FC = {
			fileEncoding = 4;
			isa = PBXFileReference;
			lastKnownFileType = sourcecode.c.c;
			name = map.c;
			path = ../src/map.c;
			refType = 2;
			sourceTree = SOURCE_ROOT;
		};
		8501E11C0A8878150064A3FC = {
			fileEncoding = 4;
			isa = PBXFileReference;
			lastKnownFileType = sourcecode.c.c;
			name = menu.c;
			path = ../src/menu.c;
			refType = 2;
			sourceTree = SOURCE_ROOT;
		};
		8501E11D0A8878150064A3FC = {
			fileEncoding = 4;
			isa = PBXFileReference;
			lastKnownFileType = sourcecode.c.c;
			name = mission.c;
			path = ../src/mission.c;
			refType = 2;
			sourceTree = SOURCE_ROOT;
		};
		8501E11E0A8878150064A3FC = {
			fileEncoding = 4;
			isa = PBXFileReference;
			lastKnownFileType = sourcecode.c.c;
			name = objs.c;
			path = ../src/objs.c;
			refType = 2;
			sourceTree = SOURCE_ROOT;
		};
		8501E11F0A8878150064A3FC = {
			fileEncoding = 4;
			isa = PBXFileReference;
			lastKnownFileType = sourcecode.c.c;
			name = password.c;
			path = ../src/password.c;
			refType = 2;
			sourceTree = SOURCE_ROOT;
		};
		8501E1200A8878150064A3FC = {
			fileEncoding = 4;
			isa = PBXFileReference;
			lastKnownFileType = sourcecode.c.c;
			name = pics.c;
			path = ../src/pics.c;
			refType = 2;
			sourceTree = SOURCE_ROOT;
		};
		8501E1210A8878150064A3FC = {
			fileEncoding = 4;
			isa = PBXFileReference;
			lastKnownFileType = sourcecode.c.c;
			name = prep.c;
			path = ../src/prep.c;
			refType = 2;
			sourceTree = SOURCE_ROOT;
		};
		8501E1220A8878150064A3FC = {
			fileEncoding = 4;
			isa = PBXFileReference;
			lastKnownFileType = sourcecode.c.c;
			name = sounds.c;
			path = ../src/sounds.c;
			refType = 2;
			sourceTree = SOURCE_ROOT;
		};
		8501E1230A8878150064A3FC = {
			fileEncoding = 4;
			isa = PBXFileReference;
			lastKnownFileType = sourcecode.c.c;
			name = text.c;
			path = ../src/text.c;
			refType = 2;
			sourceTree = SOURCE_ROOT;
		};
		8501E1240A8878150064A3FC = {
			fileEncoding = 4;
			isa = PBXFileReference;
			lastKnownFileType = sourcecode.c.c;
			name = triggers.c;
			path = ../src/triggers.c;
			refType = 2;
			sourceTree = SOURCE_ROOT;
		};
		8501E1250A8878160064A3FC = {
			fileRef = 8501E1090A8878150064A3FC;
			isa = PBXBuildFile;
			settings = {
			};
		};
		8501E1260A8878160064A3FC = {
			fileRef = 8501E10A0A8878150064A3FC;
			isa = PBXBuildFile;
			settings = {
			};
		};
		8501E1270A8878160064A3FC = {
			fileRef = 8501E10B0A8878150064A3FC;
			isa = PBXBuildFile;
			settings = {
			};
		};
		8501E1280A8878160064A3FC = {
			fileRef = 8501E10C0A8878150064A3FC;
			isa = PBXBuildFile;
			settings = {
			};
		};
		8501E1290A8878160064A3FC = {
			fileRef = 8501E10D0A8878150064A3FC;
			isa = PBXBuildFile;
			settings = {
			};
		};
		8501E12A0A8878160064A3FC = {
			fileRef = 8501E10E0A8878150064A3FC;
			isa = PBXBuildFile;
			settings = {
			};
		};
		8501E12B0A8878160064A3FC = {
			fileRef = 8501E10F0A8878150064A3FC;
			isa = PBXBuildFile;
			settings = {
			};
		};
		8501E12C0A8878160064A3FC = {
			fileRef = 8501E1100A8878150064A3FC;
			isa = PBXBuildFile;
			settings = {
			};
		};
		8501E12D0A8878160064A3FC = {
			fileRef = 8501E1110A8878150064A3FC;
			isa = PBXBuildFile;
			settings = {
			};
		};
		8501E12E0A8878160064A3FC = {
			fileRef = 8501E1120A8878150064A3FC;
			isa = PBXBuildFile;
			settings = {
			};
		};
		8501E12F0A8878160064A3FC = {
			fileRef = 8501E1130A8878150064A3FC;
			isa = PBXBuildFile;
			settings = {
			};
		};
		8501E1300A8878160064A3FC = {
			fileRef = 8501E1140A8878150064A3FC;
			isa = PBXBuildFile;
			settings = {
			};
		};
		8501E1310A8878160064A3FC = {
			fileRef = 8501E1150A8878150064A3FC;
			isa = PBXBuildFile;
			settings = {
			};
		};
		8501E1320A8878160064A3FC = {
			fileRef = 8501E1160A8878150064A3FC;
			isa = PBXBuildFile;
			settings = {
			};
		};
		8501E1330A8878160064A3FC = {
			fileRef = 8501E1170A8878150064A3FC;
			isa = PBXBuildFile;
			settings = {
			};
		};
		8501E1340A8878160064A3FC = {
			fileRef = 8501E1180A8878150064A3FC;
			isa = PBXBuildFile;
			settings = {
			};
		};
		8501E1350A8878160064A3FC = {
			fileRef = 8501E1190A8878150064A3FC;
			isa = PBXBuildFile;
			settings = {
			};
		};
		8501E1360A8878160064A3FC = {
			fileRef = 8501E11A0A8878150064A3FC;
			isa = PBXBuildFile;
			settings = {
			};
		};
		8501E1370A8878160064A3FC = {
			fileRef = 8501E11B0A8878150064A3FC;
			isa = PBXBuildFile;
			settings = {
			};
		};
		8501E1380A8878160064A3FC = {
			fileRef = 8501E11C0A8878150064A3FC;
			isa = PBXBuildFile;
			settings = {
			};
		};
		8501E1390A8878160064A3FC = {
			fileRef = 8501E11D0A8878150064A3FC;
			isa = PBXBuildFile;
			settings = {
			};
		};
		8501E13A0A8878160064A3FC = {
			fileRef = 8501E11E0A8878150064A3FC;
			isa = PBXBuildFile;
			settings = {
			};
		};
		8501E13B0A8878160064A3FC = {
			fileRef = 8501E11F0A8878150064A3FC;
			isa = PBXBuildFile;
			settings = {
			};
		};
		8501E13C0A8878160064A3FC = {
			fileRef = 8501E1200A8878150064A3FC;
			isa = PBXBuildFile;
			settings = {
			};
		};
		8501E13D0A8878160064A3FC = {
			fileRef = 8501E1210A8878150064A3FC;
			isa = PBXBuildFile;
			settings = {
			};
		};
		8501E13E0A8878160064A3FC = {
			fileRef = 8501E1220A8878150064A3FC;
			isa = PBXBuildFile;
			settings = {
				COMPILER_FLAGS = "-DSND_NOMIX";
			};
		};
		8501E13F0A8878160064A3FC = {
			fileRef = 8501E1230A8878150064A3FC;
			isa = PBXBuildFile;
			settings = {
			};
		};
		8501E1400A8878160064A3FC = {
			fileRef = 8501E1240A8878150064A3FC;
			isa = PBXBuildFile;
			settings = {
			};
		};
		8501E16E0A8879870064A3FC = {
			fileEncoding = 4;
			isa = PBXFileReference;
			lastKnownFileType = sourcecode.c.h;
			name = actors.h;
			path = ../src/include/actors.h;
			refType = 2;
			sourceTree = SOURCE_ROOT;
		};
		8501E16F0A8879870064A3FC = {
			fileEncoding = 4;
			isa = PBXFileReference;
			lastKnownFileType = sourcecode.c.h;
			name = ai.h;
			path = ../src/include/ai.h;
			refType = 2;
			sourceTree = SOURCE_ROOT;
		};
		8501E1700A8879870064A3FC = {
			fileEncoding = 4;
			isa = PBXFileReference;
			lastKnownFileType = sourcecode.c.h;
			name = automap.h;
			path = ../src/include/automap.h;
			refType = 2;
			sourceTree = SOURCE_ROOT;
		};
		8501E1710A8879870064A3FC = {
			fileEncoding = 4;
			isa = PBXFileReference;
			lastKnownFileType = sourcecode.c.h;
			name = blit.h;
			path = ../src/include/blit.h;
			refType = 2;
			sourceTree = SOURCE_ROOT;
		};
		8501E1720A8879870064A3FC = {
			fileEncoding = 4;
			isa = PBXFileReference;
			lastKnownFileType = sourcecode.c.h;
			name = charsed.h;
			path = ../src/include/charsed.h;
			refType = 2;
			sourceTree = SOURCE_ROOT;
		};
		8501E1730A8879870064A3FC = {
			fileEncoding = 4;
			isa = PBXFileReference;
			lastKnownFileType = sourcecode.c.h;
			name = config.h;
			path = ../src/include/config.h;
			refType = 2;
			sourceTree = SOURCE_ROOT;
		};
		8501E1740A8879870064A3FC = {
			fileEncoding = 4;
			isa = PBXFileReference;
			lastKnownFileType = sourcecode.c.h;
			name = defs.h;
			path = ../src/include/defs.h;
			refType = 2;
			sourceTree = SOURCE_ROOT;
		};
		8501E1750A8879870064A3FC = {
			fileEncoding = 4;
			isa = PBXFileReference;
			lastKnownFileType = sourcecode.c.h;
			name = draw.h;
			path = ../src/include/draw.h;
			refType = 2;
			sourceTree = SOURCE_ROOT;
		};
		8501E1760A8879870064A3FC = {
			fileEncoding = 4;
			isa = PBXFileReference;
			lastKnownFileType = sourcecode.c.h;
			name = events.h;
			path = ../src/include/events.h;
			refType = 2;
			sourceTree = SOURCE_ROOT;
		};
		8501E1770A8879870064A3FC = {
			fileEncoding = 4;
			isa = PBXFileReference;
			lastKnownFileType = sourcecode.c.h;
			name = files.h;
			path = ../src/include/files.h;
			refType = 2;
			sourceTree = SOURCE_ROOT;
		};
		8501E1780A8879870064A3FC = {
			fileEncoding = 4;
			isa = PBXFileReference;
			lastKnownFileType = sourcecode.c.h;
			name = game.h;
			path = ../src/include/game.h;
			refType = 2;
			sourceTree = SOURCE_ROOT;
		};
		8501E1790A8879870064A3FC = {
			fileEncoding = 4;
			isa = PBXFileReference;
			lastKnownFileType = sourcecode.c.h;
			name = gamedata.h;
			path = ../src/include/gamedata.h;
			refType = 2;
			sourceTree = SOURCE_ROOT;
		};
		8501E17A0A8879870064A3FC = {
			fileEncoding = 4;
			isa = PBXFileReference;
			lastKnownFileType = sourcecode.c.h;
			name = grafx.h;
			path = ../src/include/grafx.h;
			refType = 2;
			sourceTree = SOURCE_ROOT;
		};
		8501E17B0A8879870064A3FC = {
			fileEncoding = 4;
			isa = PBXFileReference;
			lastKnownFileType = sourcecode.c.h;
			name = hiscores.h;
			path = ../src/include/hiscores.h;
			refType = 2;
			sourceTree = SOURCE_ROOT;
		};
		8501E17C0A8879870064A3FC = {
			fileEncoding = 4;
			isa = PBXFileReference;
			lastKnownFileType = sourcecode.c.h;
			name = input.h;
			path = ../src/include/input.h;
			refType = 2;
			sourceTree = SOURCE_ROOT;
		};
		8501E17D0A8879870064A3FC = {
			fileEncoding = 4;
			isa = PBXFileReference;
			lastKnownFileType = sourcecode.c.h;
			name = joystick.h;
			path = ../src/include/joystick.h;
			refType = 2;
			sourceTree = SOURCE_ROOT;
		};
		8501E17E0A8879870064A3FC = {
			fileEncoding = 4;
			isa = PBXFileReference;
			lastKnownFileType = sourcecode.c.h;
			name = keyboard.h;
			path = ../src/include/keyboard.h;
			refType = 2;
			sourceTree = SOURCE_ROOT;
		};
		8501E17F0A8879870064A3FC = {
			fileEncoding = 4;
			isa = PBXFileReference;
			lastKnownFileType = sourcecode.c.h;
			name = mainmenu.h;
			path = ../src/include/mainmenu.h;
			refType = 2;
			sourceTree = SOURCE_ROOT;
		};
		8501E1800A8879870064A3FC = {
			fileEncoding = 4;
			isa = PBXFileReference;
			lastKnownFileType = sourcecode.c.h;
			name = map.h;
			path = ../src/include/map.h;
			refType = 2;
			sourceTree = SOURCE_ROOT;
		};
		8501E1810A8879870064A3FC = {
			fileEncoding = 4;
			isa = PBXFileReference;
			lastKnownFileType = sourcecode.c.h;
			name = menu.h;
			path = ../src/include/menu.h;
			refType = 2;
			sourceTree = SOURCE_ROOT;
		};
		8501E1820A8879870064A3FC = {
			fileEncoding = 4;
			isa = PBXFileReference;
			lastKnownFileType = sourcecode.c.h;
			name = mission.h;
			path = ../src/include/mission.h;
			refType = 2;
			sourceTree = SOURCE_ROOT;
		};
		8501E1830A8879870064A3FC = {
			fileEncoding = 4;
			isa = PBXFileReference;
			lastKnownFileType = sourcecode.c.h;
			name = objs.h;
			path = ../src/include/objs.h;
			refType = 2;
			sourceTree = SOURCE_ROOT;
		};
		8501E1840A8879870064A3FC = {
			fileEncoding = 4;
			isa = PBXFileReference;
			lastKnownFileType = sourcecode.c.h;
			name = password.h;
			path = ../src/include/password.h;
			refType = 2;
			sourceTree = SOURCE_ROOT;
		};
		8501E1850A8879870064A3FC = {
			fileEncoding = 4;
			isa = PBXFileReference;
			lastKnownFileType = sourcecode.c.h;
			name = pics.h;
			path = ../src/include/pics.h;
			refType = 2;
			sourceTree = SOURCE_ROOT;
		};
		8501E1860A8879870064A3FC = {
			fileEncoding = 4;
			isa = PBXFileReference;
			lastKnownFileType = sourcecode.c.h;
			name = prep.h;
			path = ../src/include/prep.h;
			refType = 2;
			sourceTree = SOURCE_ROOT;
		};
		8501E1870A8879870064A3FC = {
			fileEncoding = 4;
			isa = PBXFileReference;
			lastKnownFileType = sourcecode.c.h;
			name = sounds.h;
			path = ../src/include/sounds.h;
			refType = 2;
			sourceTree = SOURCE_ROOT;
		};
		8501E1880A8879870064A3FC = {
			fileEncoding = 4;
			isa = PBXFileReference;
			lastKnownFileType = sourcecode.c.h;
			name = sprcomp.h;
			path = ../src/include/sprcomp.h;
			refType = 2;
			sourceTree = SOURCE_ROOT;
		};
		8501E1890A8879870064A3FC = {
			fileEncoding = 4;
			isa = PBXFileReference;
			lastKnownFileType = sourcecode.c.h;
			name = text.h;
			path = ../src/include/text.h;
			refType = 2;
			sourceTree = SOURCE_ROOT;
		};
		8501E18A0A8879870064A3FC = {
			fileEncoding = 4;
			isa = PBXFileReference;
			lastKnownFileType = sourcecode.c.h;
			name = triggers.h;
			path = ../src/include/triggers.h;
			refType = 2;
			sourceTree = SOURCE_ROOT;
		};
		8501E18B0A8879870064A3FC = {
			fileRef = 8501E16E0A8879870064A3FC;
			isa = PBXBuildFile;
			settings = {
			};
		};
		8501E18C0A8879870064A3FC = {
			fileRef = 8501E16F0A8879870064A3FC;
			isa = PBXBuildFile;
			settings = {
			};
		};
		8501E18D0A8879870064A3FC = {
			fileRef = 8501E1700A8879870064A3FC;
			isa = PBXBuildFile;
			settings = {
			};
		};
		8501E18E0A8879870064A3FC = {
			fileRef = 8501E1710A8879870064A3FC;
			isa = PBXBuildFile;
			settings = {
			};
		};
		8501E18F0A8879870064A3FC = {
			fileRef = 8501E1720A8879870064A3FC;
			isa = PBXBuildFile;
			settings = {
			};
		};
		8501E1900A8879870064A3FC = {
			fileRef = 8501E1730A8879870064A3FC;
			isa = PBXBuildFile;
			settings = {
			};
		};
		8501E1910A8879870064A3FC = {
			fileRef = 8501E1740A8879870064A3FC;
			isa = PBXBuildFile;
			settings = {
			};
		};
		8501E1920A8879870064A3FC = {
			fileRef = 8501E1750A8879870064A3FC;
			isa = PBXBuildFile;
			settings = {
			};
		};
		8501E1930A8879870064A3FC = {
			fileRef = 8501E1760A8879870064A3FC;
			isa = PBXBuildFile;
			settings = {
			};
		};
		8501E1940A8879870064A3FC = {
			fileRef = 8501E1770A8879870064A3FC;
			isa = PBXBuildFile;
			settings = {
			};
		};
		8501E1950A8879870064A3FC = {
			fileRef = 8501E1780A8879870064A3FC;
			isa = PBXBuildFile;
			settings = {
			};
		};
		8501E1960A8879870064A3FC = {
			fileRef = 8501E1790A8879870064A3FC;
			isa = PBXBuildFile;
			settings = {
			};
		};
		8501E1970A8879870064A3FC = {
			fileRef = 8501E17A0A8879870064A3FC;
			isa = PBXBuildFile;
			settings = {
				ATTRIBUTES = (
				);
			};
		};
		8501E1980A8879870064A3FC = {
			fileRef = 8501E17B0A8879870064A3FC;
			isa = PBXBuildFile;
			settings = {
			};
		};
		8501E1990A8879870064A3FC = {
			fileRef = 8501E17C0A8879870064A3FC;
			isa = PBXBuildFile;
			settings = {
			};
		};
		8501E19A0A8879870064A3FC = {
			fileRef = 8501E17D0A8879870064A3FC;
			isa = PBXBuildFile;
			settings = {
			};
		};
		8501E19B0A8879870064A3FC = {
			fileRef = 8501E17E0A8879870064A3FC;
			isa = PBXBuildFile;
			settings = {
			};
		};
		8501E19C0A8879870064A3FC = {
			fileRef = 8501E17F0A8879870064A3FC;
			isa = PBXBuildFile;
			settings = {
			};
		};
		8501E19D0A8879870064A3FC = {
			fileRef = 8501E1800A8879870064A3FC;
			isa = PBXBuildFile;
			settings = {
			};
		};
		8501E19E0A8879870064A3FC = {
			fileRef = 8501E1810A8879870064A3FC;
			isa = PBXBuildFile;
			settings = {
			};
		};
		8501E19F0A8879870064A3FC = {
			fileRef = 8501E1820A8879870064A3FC;
			isa = PBXBuildFile;
			settings = {
			};
		};
		8501E1A00A8879870064A3FC = {
			fileRef = 8501E1830A8879870064A3FC;
			isa = PBXBuildFile;
			settings = {
			};
		};
		8501E1A10A8879870064A3FC = {
			fileRef = 8501E1840A8879870064A3FC;
			isa = PBXBuildFile;
			settings = {
			};
		};
		8501E1A20A8879870064A3FC = {
			fileRef = 8501E1850A8879870064A3FC;
			isa = PBXBuildFile;
			settings = {
			};
		};
		8501E1A30A8879870064A3FC = {
			fileRef = 8501E1860A8879870064A3FC;
			isa = PBXBuildFile;
			settings = {
			};
		};
		8501E1A40A8879870064A3FC = {
			fileRef = 8501E1870A8879870064A3FC;
			isa = PBXBuildFile;
			settings = {
			};
		};
		8501E1A50A8879870064A3FC = {
			fileRef = 8501E1880A8879870064A3FC;
			isa = PBXBuildFile;
			settings = {
			};
		};
		8501E1A60A8879870064A3FC = {
			fileRef = 8501E1890A8879870064A3FC;
			isa = PBXBuildFile;
			settings = {
			};
		};
		8501E1A70A8879870064A3FC = {
			fileRef = 8501E18A0A8879870064A3FC;
			isa = PBXBuildFile;
			settings = {
			};
		};
		8501E1A80A8879970064A3FC = {
			explicitFileType = sourcecode.c.h;
			fileEncoding = 4;
			isa = PBXFileReference;
			name = bem.inc;
			path = ../src/missions/bem.inc;
			refType = 2;
			sourceTree = SOURCE_ROOT;
		};
		8501E1A90A8879970064A3FC = {
			explicitFileType = sourcecode.c.h;
			fileEncoding = 4;
			isa = PBXFileReference;
			name = ogre.inc;
			path = ../src/missions/ogre.inc;
			refType = 2;
			sourceTree = SOURCE_ROOT;
		};
		8501E1C30A887C1F0064A3FC = {
			fileEncoding = 4;
			isa = PBXFileReference;
			lastKnownFileType = sourcecode.c.c;
			name = sprcomp.c;
			path = ../src/sprcomp.c;
			refType = 2;
			sourceTree = SOURCE_ROOT;
		};
		8501E1C40A887C1F0064A3FC = {
			fileRef = 8501E1C30A887C1F0064A3FC;
			isa = PBXBuildFile;
			settings = {
			};
		};
		85D3BC3D0A889AD100A1F24E = {
			isa = PBXFileReference;
			lastKnownFileType = image.icns;
			path = "cdogs-icon.icns";
			refType = 2;
			sourceTree = SOURCE_ROOT;
		};
		85D3BC3E0A889AD100A1F24E = {
			fileRef = 85D3BC3D0A889AD100A1F24E;
			isa = PBXBuildFile;
			settings = {
			};
		};
//850
//851
//852
//853
//854
//F50
//F51
//F52
//F53
//F54
		F5A47A9D01A0482F01D3D55B = {
			isa = PBXFileReference;
			lastKnownFileType = sourcecode.c.h;
			path = SDLMain.h;
			refType = 2;
			sourceTree = SOURCE_ROOT;
		};
		F5A47A9E01A0483001D3D55B = {
			isa = PBXFileReference;
			lastKnownFileType = sourcecode.c.objc;
			path = SDLMain.m;
			refType = 2;
			sourceTree = SOURCE_ROOT;
		};
		F5A47AA101A0483001D3D55B = {
			fileRef = F5A47A9D01A0482F01D3D55B;
			isa = PBXBuildFile;
			settings = {
			};
		};
		F5A47AA301A0483001D3D55B = {
			fileRef = F5A47A9E01A0483001D3D55B;
			isa = PBXBuildFile;
			settings = {
			};
		};
	};
	rootObject = 29B97313FDCFA39411CA2CEA;
}
