# This file is automatically @generated by Poetry 1.8.3 and should not be changed by hand.

[[package]]
name = "grpcio"
version = "1.54.3"
description = "HTTP/2-based RPC framework"
optional = false
python-versions = ">=3.7"
files = [
    {file = "grpcio-1.54.3-cp310-cp310-linux_armv7l.whl", hash = "sha256:6977701b6528be82f0801c52dad7df7e912d61d6e3b25e22bbbbdc2c7bc912e5"},
    {file = "grpcio-1.54.3-cp310-cp310-macosx_12_0_universal2.whl", hash = "sha256:3c1227144ebb25afb39b421d073140396dc05483266f28fb575787e30f1f1182"},
    {file = "grpcio-1.54.3-cp310-cp310-manylinux_2_17_aarch64.whl", hash = "sha256:336199b22797e3b754b8f1a2fa45c9a0a154d5ff331bce3f21f3f0693e7bdf21"},
    {file = "grpcio-1.54.3-cp310-cp310-manylinux_2_17_i686.manylinux2014_i686.whl", hash = "sha256:7c1d6afa156cba9a6d02656fe85c0e84e41b46d17a72ecdc0ed48b7482831fea"},
    {file = "grpcio-1.54.3-cp310-cp310-manylinux_2_17_x86_64.manylinux2014_x86_64.whl", hash = "sha256:81a99edb493925652128ce5a96d07ee09b3627a5673f73cd6476e1ebf1b31e42"},
    {file = "grpcio-1.54.3-cp310-cp310-musllinux_1_1_i686.whl", hash = "sha256:2944e345b9d1aee6cd6a4cd43a46ed95ef52f5a2dedb1755827e6c247f2579c1"},
    {file = "grpcio-1.54.3-cp310-cp310-musllinux_1_1_x86_64.whl", hash = "sha256:8cf5e51ff2c18941515b37bb1f959c19f6654e652b046069ebc6960642781a47"},
    {file = "grpcio-1.54.3-cp310-cp310-win32.whl", hash = "sha256:be42883b2a91003c09fbd81be92d964cd6b93fc16800901baa113486c4278caf"},
    {file = "grpcio-1.54.3-cp310-cp310-win_amd64.whl", hash = "sha256:fd5779aab42c92fc0d31ac4f240c99f02007f0310704eb761abd7ad955edf411"},
    {file = "grpcio-1.54.3-cp311-cp311-linux_armv7l.whl", hash = "sha256:bc6a04ac876f0667c092301e468177c0d132a28a25070367eabf3fcc9e8ba1d0"},
    {file = "grpcio-1.54.3-cp311-cp311-macosx_10_10_universal2.whl", hash = "sha256:07d0ace63902e30fe6e77f684927130867a9ec43141e2f1447522631fa19ccf7"},
    {file = "grpcio-1.54.3-cp311-cp311-manylinux_2_17_aarch64.whl", hash = "sha256:2dd2f0d5a5879cd85ec9ce1dc4899933e7a4e3f97781b6ab26703c1de21c794e"},
    {file = "grpcio-1.54.3-cp311-cp311-manylinux_2_17_i686.manylinux2014_i686.whl", hash = "sha256:8db545d257b74b90ed1fdd5b9505fe7f81243220156438a6b97b3dc3fd4bc963"},
    {file = "grpcio-1.54.3-cp311-cp311-manylinux_2_17_x86_64.manylinux2014_x86_64.whl", hash = "sha256:1ea03bd3d244889c7fe793b5234965f31a34147008083a2ec2ffebc870c4643b"},
    {file = "grpcio-1.54.3-cp311-cp311-musllinux_1_1_i686.whl", hash = "sha256:e42e5e7b85dabd575f64ec6d9a618b03d072c4b3b62bcc73f0f6dab33687a338"},
    {file = "grpcio-1.54.3-cp311-cp311-musllinux_1_1_x86_64.whl", hash = "sha256:b8dcb9c0fec81ec2febe5232d7d92bc103532f635ed0d93a110576ab002ae4ca"},
    {file = "grpcio-1.54.3-cp311-cp311-win32.whl", hash = "sha256:7268ad68dfad9d767ee17a69b4ae9e7223b04be16b94110564640828d302ed0c"},
    {file = "grpcio-1.54.3-cp311-cp311-win_amd64.whl", hash = "sha256:581ce6556f07d6c9dd4e550e60e1d386455bd32ea4f81b65ccd4062e200e56f6"},
    {file = "grpcio-1.54.3-cp37-cp37m-linux_armv7l.whl", hash = "sha256:16426adfd566bd5369e79d8dd5f4edd2e5b13a8bd26df8de20f0c483786667bd"},
    {file = "grpcio-1.54.3-cp37-cp37m-macosx_10_10_universal2.whl", hash = "sha256:06f8ebdcfebee56a816dba7903a7e6b656050e7b4a5c1c4d46ad88e2378bbc1e"},
    {file = "grpcio-1.54.3-cp37-cp37m-manylinux_2_17_aarch64.whl", hash = "sha256:c71e47b50a5a5b1c0ec2babde5f146cc94a26244d10afd08728fafb0533c39de"},
    {file = "grpcio-1.54.3-cp37-cp37m-manylinux_2_17_i686.manylinux2014_i686.whl", hash = "sha256:675201b052349dc9315565e5f66951e707d207629f67928c9db598e61505c8c0"},
    {file = "grpcio-1.54.3-cp37-cp37m-manylinux_2_17_x86_64.manylinux2014_x86_64.whl", hash = "sha256:d1b69374f6e3ec0e17a2b5fa914fd5c1d0ab6f2475dcda2f79d0dd7240b0ed13"},
    {file = "grpcio-1.54.3-cp37-cp37m-musllinux_1_1_i686.whl", hash = "sha256:43a429e672a5951060e5b7516d733a46508a585d3f318ad25d10e74cec61848b"},
    {file = "grpcio-1.54.3-cp37-cp37m-musllinux_1_1_x86_64.whl", hash = "sha256:c56341872d861c6e50444f22c2022e467d925c4fdefad5cc38d2a1974d5f87be"},
    {file = "grpcio-1.54.3-cp37-cp37m-win_amd64.whl", hash = "sha256:7f88b8ac92f410d415d91dc58ee4d1bc430b1b29450641dd0b337b72c59b6a35"},
    {file = "grpcio-1.54.3-cp38-cp38-linux_armv7l.whl", hash = "sha256:20ece9dd71eba47b1a6dfa7a14c492e110d855367d8b64262c680ac6df972512"},
    {file = "grpcio-1.54.3-cp38-cp38-macosx_10_10_universal2.whl", hash = "sha256:ae7559a818d3a577ff3ae0c3db9b12ce749d66f72ad06c01775e3d66ee44370f"},
    {file = "grpcio-1.54.3-cp38-cp38-manylinux_2_17_aarch64.whl", hash = "sha256:420ea3f5a0edab3facc4a779c941c87be4facafc60d57a8ef89be42b207f80de"},
    {file = "grpcio-1.54.3-cp38-cp38-manylinux_2_17_i686.manylinux2014_i686.whl", hash = "sha256:6924c0ae2826e9fb31d9122ba8124e5dcfaf13c0cdc1d810f9283395c14fff29"},
    {file = "grpcio-1.54.3-cp38-cp38-manylinux_2_17_x86_64.manylinux2014_x86_64.whl", hash = "sha256:0a1b85b1437b55f8eb803d5b43186f7c616f548061860fd7e4bce7f637323cbc"},
    {file = "grpcio-1.54.3-cp38-cp38-musllinux_1_1_i686.whl", hash = "sha256:d7191a9d6fe800d421794abe26b1d360faa4a512c1227961f0cab1d57fb357be"},
    {file = "grpcio-1.54.3-cp38-cp38-musllinux_1_1_x86_64.whl", hash = "sha256:b5602d602a6906799565fac048ecd9f70c6a829e076893d16f3b602e6f229a5d"},
    {file = "grpcio-1.54.3-cp38-cp38-win32.whl", hash = "sha256:639a2968c8d98db0b1e742b00004e8f9ca84b297bccb374c4b202ea5d04db4f6"},
    {file = "grpcio-1.54.3-cp38-cp38-win_amd64.whl", hash = "sha256:a672f46d9fa739044f2448e3237a5b03e4dd8fb3dec79349791ffb4db0541ec8"},
    {file = "grpcio-1.54.3-cp39-cp39-linux_armv7l.whl", hash = "sha256:dbec67817f933acf43b06644a0106c5c68e34509b248a09135848a8947f48cd6"},
    {file = "grpcio-1.54.3-cp39-cp39-macosx_10_10_universal2.whl", hash = "sha256:54a22f420a171096f2d373e46518bac87ccbbcf346490acae8dd59eac20d39b6"},
    {file = "grpcio-1.54.3-cp39-cp39-manylinux_2_17_aarch64.whl", hash = "sha256:058e313479aac21b20e0768aa4ecd782ae0b96b1eba7e4b615e0575a1c02d0e5"},
    {file = "grpcio-1.54.3-cp39-cp39-manylinux_2_17_i686.manylinux2014_i686.whl", hash = "sha256:f78fb0d5e3b1f22060aa32872eab185f214b22a278d1763a2ffd7ca04cc16366"},
    {file = "grpcio-1.54.3-cp39-cp39-manylinux_2_17_x86_64.manylinux2014_x86_64.whl", hash = "sha256:0a63dd1fe726bf434652a5eaaf862b09e9b1112469c0e94183428f1bbaaf3100"},
    {file = "grpcio-1.54.3-cp39-cp39-musllinux_1_1_i686.whl", hash = "sha256:7eca3321517465d381ebb0c1d483e4bfad4927decfc01cb33410be2da02a7c59"},
    {file = "grpcio-1.54.3-cp39-cp39-musllinux_1_1_x86_64.whl", hash = "sha256:a238aa21b81d165657f2ab27b2e7b7713e4d01df842528e678b8d06fa08bc01b"},
    {file = "grpcio-1.54.3-cp39-cp39-win32.whl", hash = "sha256:274856d666401ef5690466467c8ef5c454e09f465d6e954386af56d184bedc78"},
    {file = "grpcio-1.54.3-cp39-cp39-win_amd64.whl", hash = "sha256:c8b324e40c903c1d464650b14a91ef902e62c173f1aa6d8950e27d97fafafd8a"},
    {file = "grpcio-1.54.3.tar.gz", hash = "sha256:8a9b9cf01103795072f4874b4b064c5e3785871d62b774f1aa5f9bacabbcac20"},
]

[package.extras]
protobuf = ["grpcio-tools (>=1.54.3)"]

[[package]]
name = "grpcio-tools"
version = "1.54.2"
description = "Protobuf code generator for gRPC"
optional = false
python-versions = ">=3.7"
files = [
    {file = "grpcio-tools-1.54.2.tar.gz", hash = "sha256:e11c2c2aee53f340992e8e4d6a59172cbbbd0193f1351de98c4f810a5041d5ca"},
    {file = "grpcio_tools-1.54.2-cp310-cp310-linux_armv7l.whl", hash = "sha256:2b96f5f17d3156058be247fd25b062b4768138665694c00b056659618b8fb418"},
    {file = "grpcio_tools-1.54.2-cp310-cp310-macosx_12_0_universal2.whl", hash = "sha256:11939c9a8a39bd4815c7e88cb2fee48e1948775b59dbb06de8fcae5991e84f9e"},
    {file = "grpcio_tools-1.54.2-cp310-cp310-manylinux_2_17_aarch64.whl", hash = "sha256:129de5579f95d6a55dde185f188b4cbe19d1e2f1471425431d9930c31d300d70"},
    {file = "grpcio_tools-1.54.2-cp310-cp310-manylinux_2_17_i686.manylinux2014_i686.whl", hash = "sha256:c4128c01cd6f5ea8f7c2db405dbfd8582cd967d36e6fa0952565436633b0e591"},
    {file = "grpcio_tools-1.54.2-cp310-cp310-manylinux_2_17_x86_64.manylinux2014_x86_64.whl", hash = "sha256:e5c7292dd899ad8fa09a2be96719648cee37b17909fe8c12007e3bff58ebee61"},
    {file = "grpcio_tools-1.54.2-cp310-cp310-musllinux_1_1_i686.whl", hash = "sha256:5ef30c2dbc63c1e0a462423ca4f95001814d26ef4fe66208e53fcf220ea3b717"},
    {file = "grpcio_tools-1.54.2-cp310-cp310-musllinux_1_1_x86_64.whl", hash = "sha256:4abfc1892380abe6cef381eab86f9350cbd703bfe5d834095aa66fd91c886b6d"},
    {file = "grpcio_tools-1.54.2-cp310-cp310-win32.whl", hash = "sha256:9acf443dcf6f68fbea3b7fb519e1716e014db1a561939f5aecc4abda74e4015d"},
    {file = "grpcio_tools-1.54.2-cp310-cp310-win_amd64.whl", hash = "sha256:21b9d2dee80f3f77e4097252e7f0db89772335a7300b72ab3d2e5c280872b1db"},
    {file = "grpcio_tools-1.54.2-cp311-cp311-linux_armv7l.whl", hash = "sha256:7b24fbab9e7598518ce4549e066df00aab79c2bf9bedcdde23fb5ef6a3cf532f"},
    {file = "grpcio_tools-1.54.2-cp311-cp311-macosx_10_10_universal2.whl", hash = "sha256:7baa210c20f71a242d9ae0e02734628f6948e8bee3bf538647894af427d28800"},
    {file = "grpcio_tools-1.54.2-cp311-cp311-manylinux_2_17_aarch64.whl", hash = "sha256:e3d0e5188ff8dbaddac2ee44731d36f09c4eccd3eac7328e547862c44f75cacd"},
    {file = "grpcio_tools-1.54.2-cp311-cp311-manylinux_2_17_i686.manylinux2014_i686.whl", hash = "sha256:27671c68c7e0e3c5ff9967f5500799f65a04e7b153b8ce10243c87c43199039d"},
    {file = "grpcio_tools-1.54.2-cp311-cp311-manylinux_2_17_x86_64.manylinux2014_x86_64.whl", hash = "sha256:f39d8e8806b8857fb473ca6a9c7bd800b0673dfdb7283ff569af0345a222f32c"},
    {file = "grpcio_tools-1.54.2-cp311-cp311-musllinux_1_1_i686.whl", hash = "sha256:8e4c5a48f7b2e8798ce381498ee7b9a83c65b87ae66ee5022387394e5eb51771"},
    {file = "grpcio_tools-1.54.2-cp311-cp311-musllinux_1_1_x86_64.whl", hash = "sha256:4f285f8ef3de422717a36bd372239ae778b8cc112ce780ca3c7fe266dadc49fb"},
    {file = "grpcio_tools-1.54.2-cp311-cp311-win32.whl", hash = "sha256:0f952c8a5c47e9204fe8959f7e9add149e660f6579d67cf65024c32736d34caf"},
    {file = "grpcio_tools-1.54.2-cp311-cp311-win_amd64.whl", hash = "sha256:3237149beec39e897fd62cef4aa1e1cd9422d7a95661d24bd0a79200b167e730"},
    {file = "grpcio_tools-1.54.2-cp37-cp37m-linux_armv7l.whl", hash = "sha256:0ab1b323905d449298523db5d34fa5bf5fffd645bd872b25598e2f8a01f0ea39"},
    {file = "grpcio_tools-1.54.2-cp37-cp37m-macosx_10_10_universal2.whl", hash = "sha256:7d7e6e8d62967b3f037f952620cb7381cc39a4bd31790c75fcfba56cc975d70b"},
    {file = "grpcio_tools-1.54.2-cp37-cp37m-manylinux_2_17_aarch64.whl", hash = "sha256:7f4624ef2e76a3a5313c4e61a81be38bcc16b59a68a85d30758b84cd2102b161"},
    {file = "grpcio_tools-1.54.2-cp37-cp37m-manylinux_2_17_i686.manylinux2014_i686.whl", hash = "sha256:e543f457935ba7b763b121f1bf893974393b4d30065042f947f85a8d81081b80"},
    {file = "grpcio_tools-1.54.2-cp37-cp37m-manylinux_2_17_x86_64.manylinux2014_x86_64.whl", hash = "sha256:0239b929eb8b3b30b2397eef3b9abb245087754d77c3721e3be43c44796de87d"},
    {file = "grpcio_tools-1.54.2-cp37-cp37m-musllinux_1_1_i686.whl", hash = "sha256:0de05c7698c655e9a240dc34ae91d6017b93143ac89e5b20046d7ca3bd09c27c"},
    {file = "grpcio_tools-1.54.2-cp37-cp37m-musllinux_1_1_x86_64.whl", hash = "sha256:a3ce0b98fb581c471424d2cda45120f57658ed97677c6fec4d6decf5d7c1b976"},
    {file = "grpcio_tools-1.54.2-cp37-cp37m-win_amd64.whl", hash = "sha256:37393ef90674964175923afe3859fc5a208e1ece565f642b4f76a8c0224a0993"},
    {file = "grpcio_tools-1.54.2-cp38-cp38-linux_armv7l.whl", hash = "sha256:8e4531267736d88fde1022b36dd42ed8163e3575bcbd12bfed96662872aa93fe"},
    {file = "grpcio_tools-1.54.2-cp38-cp38-macosx_10_10_universal2.whl", hash = "sha256:a0b7049814442f918b522d66b1d015286afbeb9e6d141af54bbfafe31710a3c8"},
    {file = "grpcio_tools-1.54.2-cp38-cp38-manylinux_2_17_aarch64.whl", hash = "sha256:b80585e06c4f0082327eb5c9ad96fbdb2b0e7c14971ea5099fe78c22f4608451"},
    {file = "grpcio_tools-1.54.2-cp38-cp38-manylinux_2_17_i686.manylinux2014_i686.whl", hash = "sha256:39fd530cfdf58dc05125775cc233b05554d553d27478f14ae5fd8a6306f0cb28"},
    {file = "grpcio_tools-1.54.2-cp38-cp38-manylinux_2_17_x86_64.manylinux2014_x86_64.whl", hash = "sha256:3bb9ec4aea0f2b3006fb002fa59e5c10f92b48fc374619fbffd14d2b0e388c3e"},
    {file = "grpcio_tools-1.54.2-cp38-cp38-musllinux_1_1_i686.whl", hash = "sha256:d512de051342a576bb89777476d13c5266d9334cf4badb6468aed9dc8f5bdec1"},
    {file = "grpcio_tools-1.54.2-cp38-cp38-musllinux_1_1_x86_64.whl", hash = "sha256:1b8ee3099c51ce987fa8a08e6b93fc342b10228415dd96b5c0caa0387f636a6f"},
    {file = "grpcio_tools-1.54.2-cp38-cp38-win32.whl", hash = "sha256:6037f123905dc0141f7c8383ca616ef0195e79cd3b4d82faaee789d4045e891b"},
    {file = "grpcio_tools-1.54.2-cp38-cp38-win_amd64.whl", hash = "sha256:10dd41862f579d185c60f629b5ee89103e216f63b576079d258d974d980bad87"},
    {file = "grpcio_tools-1.54.2-cp39-cp39-linux_armv7l.whl", hash = "sha256:f6787d07fdab31a32c433c1ba34883dea6559d8a3fbe08fb93d834ca34136b71"},
    {file = "grpcio_tools-1.54.2-cp39-cp39-macosx_10_10_universal2.whl", hash = "sha256:21b1467e31e44429d2a78b50135c9cdbd4b8f6d3b5cd548bc98985d3bdc352d0"},
    {file = "grpcio_tools-1.54.2-cp39-cp39-manylinux_2_17_aarch64.whl", hash = "sha256:30a49b8b168aced2a4ff40959e6c4383ad6cfd7a20839a47a215e9837eb722dc"},
    {file = "grpcio_tools-1.54.2-cp39-cp39-manylinux_2_17_i686.manylinux2014_i686.whl", hash = "sha256:8742122782953d2fd038f0a199f047a24e941cc9718b1aac90876dbdb7167739"},
    {file = "grpcio_tools-1.54.2-cp39-cp39-manylinux_2_17_x86_64.manylinux2014_x86_64.whl", hash = "sha256:503ef1351c62fb1d6747eaf74932b609d8fdd4345b3591ef910adef8fa9969d0"},
    {file = "grpcio_tools-1.54.2-cp39-cp39-musllinux_1_1_i686.whl", hash = "sha256:72d15de4c4b6a764a76c4ae69d99c35f7a0751223688c3f7e62dfa95eb4f61be"},
    {file = "grpcio_tools-1.54.2-cp39-cp39-musllinux_1_1_x86_64.whl", hash = "sha256:df079479fb1b9e488334312e35ebbf30cbf5ecad6c56599f1a961800b33ab7c1"},
    {file = "grpcio_tools-1.54.2-cp39-cp39-win32.whl", hash = "sha256:49c2846dcc4803476e839d8bd4db8845e928f19130e0ea86121f2d1f43d2b452"},
    {file = "grpcio_tools-1.54.2-cp39-cp39-win_amd64.whl", hash = "sha256:b82ca472db9c914c44e39a41e9e8bd3ed724523dd7aff5ce37592b8d16920ed9"},
]

[package.dependencies]
grpcio = ">=1.54.2"
protobuf = ">=4.21.6,<5.0dev"
setuptools = "*"

[[package]]
name = "protobuf"
version = "4.23.3"
description = ""
optional = false
python-versions = ">=3.7"
files = [
    {file = "protobuf-4.23.3-cp310-abi3-win32.whl", hash = "sha256:514b6bbd54a41ca50c86dd5ad6488afe9505901b3557c5e0f7823a0cf67106fb"},
    {file = "protobuf-4.23.3-cp310-abi3-win_amd64.whl", hash = "sha256:cc14358a8742c4e06b1bfe4be1afbdf5c9f6bd094dff3e14edb78a1513893ff5"},
    {file = "protobuf-4.23.3-cp37-abi3-macosx_10_9_universal2.whl", hash = "sha256:2991f5e7690dab569f8f81702e6700e7364cc3b5e572725098215d3da5ccc6ac"},
    {file = "protobuf-4.23.3-cp37-abi3-manylinux2014_aarch64.whl", hash = "sha256:08fe19d267608d438aa37019236db02b306e33f6b9902c3163838b8e75970223"},
    {file = "protobuf-4.23.3-cp37-abi3-manylinux2014_x86_64.whl", hash = "sha256:3b01a5274ac920feb75d0b372d901524f7e3ad39c63b1a2d55043f3887afe0c1"},
    {file = "protobuf-4.23.3-cp37-cp37m-win32.whl", hash = "sha256:aca6e86a08c5c5962f55eac9b5bd6fce6ed98645d77e8bfc2b952ecd4a8e4f6a"},
    {file = "protobuf-4.23.3-cp37-cp37m-win_amd64.whl", hash = "sha256:0149053336a466e3e0b040e54d0b615fc71de86da66791c592cc3c8d18150bf8"},
    {file = "protobuf-4.23.3-cp38-cp38-win32.whl", hash = "sha256:84ea0bd90c2fdd70ddd9f3d3fc0197cc24ecec1345856c2b5ba70e4d99815359"},
    {file = "protobuf-4.23.3-cp38-cp38-win_amd64.whl", hash = "sha256:3bcbeb2bf4bb61fe960dd6e005801a23a43578200ea8ceb726d1f6bd0e562ba1"},
    {file = "protobuf-4.23.3-cp39-cp39-win32.whl", hash = "sha256:5cb9e41188737f321f4fce9a4337bf40a5414b8d03227e1d9fbc59bc3a216e35"},
    {file = "protobuf-4.23.3-cp39-cp39-win_amd64.whl", hash = "sha256:29660574cd769f2324a57fb78127cda59327eb6664381ecfe1c69731b83e8288"},
    {file = "protobuf-4.23.3-py3-none-any.whl", hash = "sha256:447b9786ac8e50ae72cae7a2eec5c5df6a9dbf9aa6f908f1b8bda6032644ea62"},
    {file = "protobuf-4.23.3.tar.gz", hash = "sha256:7a92beb30600332a52cdadbedb40d33fd7c8a0d7f549c440347bc606fb3fe34b"},
]

[[package]]
name = "setuptools"
version = "70.0.0"
description = "Easily download, build, install, upgrade, and uninstall Python packages"
optional = false
python-versions = ">=3.8"
files = [
    {file = "setuptools-70.0.0-py3-none-any.whl", hash = "sha256:54faa7f2e8d2d11bcd2c07bed282eef1046b5c080d1c32add737d7b5817b1ad4"},
    {file = "setuptools-70.0.0.tar.gz", hash = "sha256:f211a66637b8fa059bb28183da127d4e86396c991a942b028c6650d4319c3fd0"},
]

[package.extras]
docs = ["furo", "jaraco.packaging (>=9.3)", "jaraco.tidelift (>=1.4)", "pygments-github-lexers (==0.0.5)", "pyproject-hooks (!=1.1)", "rst.linker (>=1.9)", "sphinx (>=3.5)", "sphinx-favicon", "sphinx-inline-tabs", "sphinx-lint", "sphinx-notfound-page (>=1,<2)", "sphinx-reredirects", "sphinxcontrib-towncrier"]
testing = ["build[virtualenv] (>=1.0.3)", "filelock (>=3.4.0)", "importlib-metadata", "ini2toml[lite] (>=0.14)", "jaraco.develop (>=7.21)", "jaraco.envs (>=2.2)", "jaraco.path (>=3.2.0)", "mypy (==1.9)", "packaging (>=23.2)", "pip (>=19.1)", "pyproject-hooks (!=1.1)", "pytest (>=6,!=8.1.1)", "pytest-checkdocs (>=2.4)", "pytest-cov", "pytest-enabler (>=2.2)", "pytest-home (>=0.5)", "pytest-mypy", "pytest-perf", "pytest-ruff (>=0.2.1)", "pytest-subprocess", "pytest-timeout", "pytest-xdist (>=3)", "tomli", "tomli-w (>=1.0.0)", "virtualenv (>=13.0.0)", "wheel"]

[metadata]
lock-version = "2.0"
python-versions = "^3.8"
content-hash = "0169ca5395eb55eed4110a0c059c67ec265bd6357f5c1f3800385ad8ab0590d1"
